
Microsoft Visual Studio Solution File, Format Version 12.00
# Visual Studio Version 16
VisualStudioVersion = 16.0.30413.136
MinimumVisualStudioVersion = 10.0.40219.1
Project("{2150E333-8FDC-42A3-9474-1A3956D46DE8}") = "Solution Items", "Solution Items", "{EC61DDF9-F6D0-43A2-BE83-8D4703C80B36}"
	ProjectSection(SolutionItems) = preProject
		README.md = README.md
	EndProjectSection
EndProject
Project("{FAE04EC0-301F-11D3-BF4B-00C04F79EFBC}") = "API", "API\API.csproj", "{125987E3-32F2-401A-9E5F-AC5B5B0F1A1C}"
EndProject
Project("{FAE04EC0-301F-11D3-BF4B-00C04F79EFBC}") = "App", "App\App.csproj", "{AD9EDF54-AA47-4CF5-B3C5-6A693F8C06FA}"
EndProject
Project("{FAE04EC0-301F-11D3-BF4B-00C04F79EFBC}") = "Data", "Data\Data.csproj", "{430B47E6-546B-4F70-99BF-4C72009D3827}"
EndProject
Global
	GlobalSection(SolutionConfigurationPlatforms) = preSolution
		Debug|Any CPU = Debug|Any CPU
		Release|Any CPU = Release|Any CPU
	EndGlobalSection
	GlobalSection(ProjectConfigurationPlatforms) = postSolution
		{125987E3-32F2-401A-9E5F-AC5B5B0F1A1C}.Debug|Any CPU.ActiveCfg = Debug|Any CPU
		{125987E3-32F2-401A-9E5F-AC5B5B0F1A1C}.Debug|Any CPU.Build.0 = Debug|Any CPU
		{125987E3-32F2-401A-9E5F-AC5B5B0F1A1C}.Release|Any CPU.ActiveCfg = Release|Any CPU
		{125987E3-32F2-401A-9E5F-AC5B5B0F1A1C}.Release|Any CPU.Build.0 = Release|Any CPU
		{AD9EDF54-AA47-4CF5-B3C5-6A693F8C06FA}.Debug|Any CPU.ActiveCfg = Debug|Any CPU
		{AD9EDF54-AA47-4CF5-B3C5-6A693F8C06FA}.Debug|Any CPU.Build.0 = Debug|Any CPU
		{AD9EDF54-AA47-4CF5-B3C5-6A693F8C06FA}.Release|Any CPU.ActiveCfg = Release|Any CPU
		{AD9EDF54-AA47-4CF5-B3C5-6A693F8C06FA}.Release|Any CPU.Build.0 = Release|Any CPU
		{430B47E6-546B-4F70-99BF-4C72009D3827}.Debug|Any CPU.ActiveCfg = Debug|Any CPU
		{430B47E6-546B-4F70-99BF-4C72009D3827}.Debug|Any CPU.Build.0 = Debug|Any CPU
		{430B47E6-546B-4F70-99BF-4C72009D3827}.Release|Any CPU.ActiveCfg = Release|Any CPU
		{430B47E6-546B-4F70-99BF-4C72009D3827}.Release|Any CPU.Build.0 = Release|Any CPU
	EndGlobalSection
	GlobalSection(SolutionProperties) = preSolution
		HideSolutionNode = FALSE
	EndGlobalSection
	GlobalSection(ExtensibilityGlobals) = postSolution
		SolutionGuid = {E46E63F3-0253-407D-B1A6-5731B0024AA1}
	EndGlobalSection
EndGlobal
